
Microsoft Visual Studio Solution File, Format Version 12.00
# Visual Studio 14
VisualStudioVersion = 14.0.24720.0
MinimumVisualStudioVersion = 10.0.40219.1
Project("{FAE04EC0-301F-11D3-BF4B-00C04F79EFBC}") = "MainServer", "MainServer\MainServer.csproj", "{D93FA765-1553-4C53-8E03-9E05ABB20818}"
EndProject
Project("{FAE04EC0-301F-11D3-BF4B-00C04F79EFBC}") = "DataModel", "DataModel\DataModel.csproj", "{929674ED-8AB0-49FB-B85E-D8ADCB45E845}"
EndProject
Project("{FAE04EC0-301F-11D3-BF4B-00C04F79EFBC}") = "ServerBase", "ServerBase\ServerBase.csproj", "{FF741B1E-EC9F-4154-8AFC-6A8045943136}"
	ProjectSection(ProjectDependencies) = postProject
		{929674ED-8AB0-49FB-B85E-D8ADCB45E845} = {929674ED-8AB0-49FB-B85E-D8ADCB45E845}
	EndProjectSection
EndProject
Project("{FAE04EC0-301F-11D3-BF4B-00C04F79EFBC}") = "OperationTool", "OperationTool\OperationTool.csproj", "{B7C58B03-C78B-4246-AFD2-8B35C8A72B6F}"
EndProject
Project("{FAE04EC0-301F-11D3-BF4B-00C04F79EFBC}") = "MainServerTest", "MainServerTest\MainServerTest.csproj", "{1403ED8A-46CF-4359-BE77-950EE74D2AC0}"
EndProject
Global
	GlobalSection(SolutionConfigurationPlatforms) = preSolution
		Debug|Any CPU = Debug|Any CPU
		Release|Any CPU = Release|Any CPU
	EndGlobalSection
	GlobalSection(ProjectConfigurationPlatforms) = postSolution
		{D93FA765-1553-4C53-8E03-9E05ABB20818}.Debug|Any CPU.ActiveCfg = Debug|Any CPU
		{D93FA765-1553-4C53-8E03-9E05ABB20818}.Debug|Any CPU.Build.0 = Debug|Any CPU
		{D93FA765-1553-4C53-8E03-9E05ABB20818}.Release|Any CPU.ActiveCfg = Release|Any CPU
		{D93FA765-1553-4C53-8E03-9E05ABB20818}.Release|Any CPU.Build.0 = Release|Any CPU
		{929674ED-8AB0-49FB-B85E-D8ADCB45E845}.Debug|Any CPU.ActiveCfg = Debug|Any CPU
		{929674ED-8AB0-49FB-B85E-D8ADCB45E845}.Debug|Any CPU.Build.0 = Debug|Any CPU
		{929674ED-8AB0-49FB-B85E-D8ADCB45E845}.Release|Any CPU.ActiveCfg = Release|Any CPU
		{929674ED-8AB0-49FB-B85E-D8ADCB45E845}.Release|Any CPU.Build.0 = Release|Any CPU
		{FF741B1E-EC9F-4154-8AFC-6A8045943136}.Debug|Any CPU.ActiveCfg = Debug|Any CPU
		{FF741B1E-EC9F-4154-8AFC-6A8045943136}.Debug|Any CPU.Build.0 = Debug|Any CPU
		{FF741B1E-EC9F-4154-8AFC-6A8045943136}.Release|Any CPU.ActiveCfg = Release|Any CPU
		{FF741B1E-EC9F-4154-8AFC-6A8045943136}.Release|Any CPU.Build.0 = Release|Any CPU
		{B7C58B03-C78B-4246-AFD2-8B35C8A72B6F}.Debug|Any CPU.ActiveCfg = Debug|Any CPU
		{B7C58B03-C78B-4246-AFD2-8B35C8A72B6F}.Debug|Any CPU.Build.0 = Debug|Any CPU
		{B7C58B03-C78B-4246-AFD2-8B35C8A72B6F}.Release|Any CPU.ActiveCfg = Release|Any CPU
		{B7C58B03-C78B-4246-AFD2-8B35C8A72B6F}.Release|Any CPU.Build.0 = Release|Any CPU
		{1403ED8A-46CF-4359-BE77-950EE74D2AC0}.Debug|Any CPU.ActiveCfg = Debug|Any CPU
		{1403ED8A-46CF-4359-BE77-950EE74D2AC0}.Debug|Any CPU.Build.0 = Debug|Any CPU
		{1403ED8A-46CF-4359-BE77-950EE74D2AC0}.Release|Any CPU.ActiveCfg = Release|Any CPU
		{1403ED8A-46CF-4359-BE77-950EE74D2AC0}.Release|Any CPU.Build.0 = Release|Any CPU
	EndGlobalSection
	GlobalSection(SolutionProperties) = preSolution
		HideSolutionNode = FALSE
	EndGlobalSection
EndGlobal
